// !$*UTF8*$!
{
	archiveVersion = 1;
	classes = {
	};
	objectVersion = 51;
	objects = {

/* Begin PBXBuildFile section */
		4694ED2A81DCC34A35979AB3 /* Pods_FullScreenCamera.framework in Frameworks */ = {isa = PBXBuildFile; fileRef = 8C11BF888147A3F825CBE422 /* Pods_FullScreenCamera.framework */; };
		FCA31DAA25E10EFF006709E5 /* AppDelegate.swift in Sources */ = {isa = PBXBuildFile; fileRef = FCA31DA925E10EFF006709E5 /* AppDelegate.swift */; };
		FCA31DAC25E10EFF006709E5 /* SceneDelegate.swift in Sources */ = {isa = PBXBuildFile; fileRef = FCA31DAB25E10EFF006709E5 /* SceneDelegate.swift */; };
		FCA31DAE25E10EFF006709E5 /* CameraViewController.swift in Sources */ = {isa = PBXBuildFile; fileRef = FCA31DAD25E10EFF006709E5 /* CameraViewController.swift */; };
		FCA31DB325E10F02006709E5 /* Assets.xcassets in Resources */ = {isa = PBXBuildFile; fileRef = FCA31DB225E10F02006709E5 /* Assets.xcassets */; };
		FCA31DB625E10F02006709E5 /* LaunchScreen.storyboard in Resources */ = {isa = PBXBuildFile; fileRef = FCA31DB425E10F02006709E5 /* LaunchScreen.storyboard */; };
		FCA31DE525E3A57A006709E5 /* PhotoViewController.swift in Sources */ = {isa = PBXBuildFile; fileRef = FCA31DE425E3A57A006709E5 /* PhotoViewController.swift */; };
/* End PBXBuildFile section */

/* Begin PBXFileReference section */
		3DA97137B7DAFBF3CDC49EB8 /* Pods-FullScreenCamera.debug.xcconfig */ = {isa = PBXFileReference; includeInIndex = 1; lastKnownFileType = text.xcconfig; name = "Pods-FullScreenCamera.debug.xcconfig"; path = "Target Support Files/Pods-FullScreenCamera/Pods-FullScreenCamera.debug.xcconfig"; sourceTree = "<group>"; };
		8C11BF888147A3F825CBE422 /* Pods_FullScreenCamera.framework */ = {isa = PBXFileReference; explicitFileType = wrapper.framework; includeInIndex = 0; path = Pods_FullScreenCamera.framework; sourceTree = BUILT_PRODUCTS_DIR; };
		B4FA42385E111255B06D65DE /* Pods-FullScreenCamera.release.xcconfig */ = {isa = PBXFileReference; includeInIndex = 1; lastKnownFileType = text.xcconfig; name = "Pods-FullScreenCamera.release.xcconfig"; path = "Target Support Files/Pods-FullScreenCamera/Pods-FullScreenCamera.release.xcconfig"; sourceTree = "<group>"; };
		FCA31DA625E10EFF006709E5 /* FullScreenCamera.app */ = {isa = PBXFileReference; explicitFileType = wrapper.application; includeInIndex = 0; path = FullScreenCamera.app; sourceTree = BUILT_PRODUCTS_DIR; };
		FCA31DA925E10EFF006709E5 /* AppDelegate.swift */ = {isa = PBXFileReference; lastKnownFileType = sourcecode.swift; path = AppDelegate.swift; sourceTree = "<group>"; };
		FCA31DAB25E10EFF006709E5 /* SceneDelegate.swift */ = {isa = PBXFileReference; lastKnownFileType = sourcecode.swift; path = SceneDelegate.swift; sourceTree = "<group>"; };
		FCA31DAD25E10EFF006709E5 /* CameraViewController.swift */ = {isa = PBXFileReference; lastKnownFileType = sourcecode.swift; path = CameraViewController.swift; sourceTree = "<group>"; };
		FCA31DB225E10F02006709E5 /* Assets.xcassets */ = {isa = PBXFileReference; lastKnownFileType = folder.assetcatalog; path = Assets.xcassets; sourceTree = "<group>"; };
		FCA31DB525E10F02006709E5 /* Base */ = {isa = PBXFileReference; lastKnownFileType = file.storyboard; name = Base; path = Base.lproj/LaunchScreen.storyboard; sourceTree = "<group>"; };
		FCA31DB725E10F02006709E5 /* Info.plist */ = {isa = PBXFileReference; lastKnownFileType = text.plist.xml; path = Info.plist; sourceTree = "<group>"; };
		FCA31DE425E3A57A006709E5 /* PhotoViewController.swift */ = {isa = PBXFileReference; lastKnownFileType = sourcecode.swift; path = PhotoViewController.swift; sourceTree = "<group>"; };
/* End PBXFileReference section */

/* Begin PBXFrameworksBuildPhase section */
		FCA31DA325E10EFF006709E5 /* Frameworks */ = {
			isa = PBXFrameworksBuildPhase;
			buildActionMask = 2147483647;
			files = (
				4694ED2A81DCC34A35979AB3 /* Pods_FullScreenCamera.framework in Frameworks */,
			);
			runOnlyForDeploymentPostprocessing = 0;
		};
/* End PBXFrameworksBuildPhase section */

/* Begin PBXGroup section */
		9C994FEF42DCE0D8253BC052 /* Frameworks */ = {
			isa = PBXGroup;
			children = (
				8C11BF888147A3F825CBE422 /* Pods_FullScreenCamera.framework */,
			);
			name = Frameworks;
			sourceTree = "<group>";
		};
		BDA9DF4F13DC5BD41D829370 /* Pods */ = {
			isa = PBXGroup;
			children = (
				3DA97137B7DAFBF3CDC49EB8 /* Pods-FullScreenCamera.debug.xcconfig */,
				B4FA42385E111255B06D65DE /* Pods-FullScreenCamera.release.xcconfig */,
			);
			path = Pods;
			sourceTree = "<group>";
		};
		FCA31D9D25E10EFF006709E5 = {
			isa = PBXGroup;
			children = (
				FCA31DA825E10EFF006709E5 /* FullScreenCamera */,
				FCA31DA725E10EFF006709E5 /* Products */,
				BDA9DF4F13DC5BD41D829370 /* Pods */,
				9C994FEF42DCE0D8253BC052 /* Frameworks */,
			);
			sourceTree = "<group>";
		};
		FCA31DA725E10EFF006709E5 /* Products */ = {
			isa = PBXGroup;
			children = (
				FCA31DA625E10EFF006709E5 /* FullScreenCamera.app */,
			);
			name = Products;
			sourceTree = "<group>";
		};
		FCA31DA825E10EFF006709E5 /* FullScreenCamera */ = {
			isa = PBXGroup;
			children = (
				FCA31DB725E10F02006709E5 /* Info.plist */,
				FCA31DA925E10EFF006709E5 /* AppDelegate.swift */,
				FCA31DAD25E10EFF006709E5 /* CameraViewController.swift */,
				FCA31DE425E3A57A006709E5 /* PhotoViewController.swift */,
				FCA31DAB25E10EFF006709E5 /* SceneDelegate.swift */,
				FCA31DB225E10F02006709E5 /* Assets.xcassets */,
				FCA31DB425E10F02006709E5 /* LaunchScreen.storyboard */,
			);
			path = FullScreenCamera;
			sourceTree = "<group>";
		};
/* End PBXGroup section */

/* Begin PBXNativeTarget section */
		FCA31DA525E10EFF006709E5 /* FullScreenCamera */ = {
			isa = PBXNativeTarget;
			buildConfigurationList = FCA31DBA25E10F02006709E5 /* Build configuration list for PBXNativeTarget "FullScreenCamera" */;
			buildPhases = (
				7F55194D57B6ADADDCAA1028 /* [CP] Check Pods Manifest.lock */,
				FCA31DA225E10EFF006709E5 /* Sources */,
				FCA31DA325E10EFF006709E5 /* Frameworks */,
				FCA31DA425E10EFF006709E5 /* Resources */,
				B356568FD93F28D33CE6C0FD /* [CP] Embed Pods Frameworks */,
			);
			buildRules = (
			);
			dependencies = (
			);
			name = FullScreenCamera;
			productName = FullScreenCamera;
			productReference = FCA31DA625E10EFF006709E5 /* FullScreenCamera.app */;
			productType = "com.apple.product-type.application";
		};
/* End PBXNativeTarget section */

/* Begin PBXProject section */
		FCA31D9E25E10EFF006709E5 /* Project object */ = {
			isa = PBXProject;
			attributes = {
				LastSwiftUpdateCheck = 1220;
				LastUpgradeCheck = 1220;
				TargetAttributes = {
					FCA31DA525E10EFF006709E5 = {
						CreatedOnToolsVersion = 12.2;
					};
				};
			};
			buildConfigurationList = FCA31DA125E10EFF006709E5 /* Build configuration list for PBXProject "FullScreenCamera" */;
			compatibilityVersion = "Xcode 9.3";
			developmentRegion = en;
			hasScannedForEncodings = 0;
			knownRegions = (
				en,
				Base,
			);
			mainGroup = FCA31D9D25E10EFF006709E5;
			productRefGroup = FCA31DA725E10EFF006709E5 /* Products */;
			projectDirPath = "";
			projectRoot = "";
			targets = (
				FCA31DA525E10EFF006709E5 /* FullScreenCamera */,
			);
		};
/* End PBXProject section */

/* Begin PBXResourcesBuildPhase section */
		FCA31DA425E10EFF006709E5 /* Resources */ = {
			isa = PBXResourcesBuildPhase;
			buildActionMask = 2147483647;
			files = (
				FCA31DB625E10F02006709E5 /* LaunchScreen.storyboard in Resources */,
				FCA31DB325E10F02006709E5 /* Assets.xcassets in Resources */,
			);
			runOnlyForDeploymentPostprocessing = 0;
		};
/* End PBXResourcesBuildPhase section */

/* Begin PBXShellScriptBuildPhase section */
		7F55194D57B6ADADDCAA1028 /* [CP] Check Pods Manifest.lock */ = {
			isa = PBXShellScriptBuildPhase;
			buildActionMask = 2147483647;
			files = (
			);
			inputFileListPaths = (
			);
			inputPaths = (
				"${PODS_PODFILE_DIR_PATH}/Podfile.lock",
				"${PODS_ROOT}/Manifest.lock",
			);
			name = "[CP] Check Pods Manifest.lock";
			outputFileListPaths = (
			);
			outputPaths = (
				"$(DERIVED_FILE_DIR)/Pods-FullScreenCamera-checkManifestLockResult.txt",
			);
			runOnlyForDeploymentPostprocessing = 0;
			shellPath = /bin/sh;
			shellScript = "diff \"${PODS_PODFILE_DIR_PATH}/Podfile.lock\" \"${PODS_ROOT}/Manifest.lock\" > /dev/null\nif [ $? != 0 ] ; then\n    # print error to STDERR\n    echo \"error: The sandbox is not in sync with the Podfile.lock. Run 'pod install' or update your CocoaPods installation.\" >&2\n    exit 1\nfi\n# This output is used by Xcode 'outputs' to avoid re-running this script phase.\necho \"SUCCESS\" > \"${SCRIPT_OUTPUT_FILE_0}\"\n";
			showEnvVarsInLog = 0;
		};
		B356568FD93F28D33CE6C0FD /* [CP] Embed Pods Frameworks */ = {
			isa = PBXShellScriptBuildPhase;
			buildActionMask = 2147483647;
			files = (
			);
			inputFileListPaths = (
				"${PODS_ROOT}/Target Support Files/Pods-FullScreenCamera/Pods-FullScreenCamera-frameworks-${CONFIGURATION}-input-files.xcfilelist",
			);
			name = "[CP] Embed Pods Frameworks";
			outputFileListPaths = (
				"${PODS_ROOT}/Target Support Files/Pods-FullScreenCamera/Pods-FullScreenCamera-frameworks-${CONFIGURATION}-output-files.xcfilelist",
			);
			runOnlyForDeploymentPostprocessing = 0;
			shellPath = /bin/sh;
			shellScript = "\"${PODS_ROOT}/Target Support Files/Pods-FullScreenCamera/Pods-FullScreenCamera-frameworks.sh\"\n";
			showEnvVarsInLog = 0;
		};
/* End PBXShellScriptBuildPhase section */

/* Begin PBXSourcesBuildPhase section */
		FCA31DA225E10EFF006709E5 /* Sources */ = {
			isa = PBXSourcesBuildPhase;
			buildActionMask = 2147483647;
			files = (
				FCA31DAE25E10EFF006709E5 /* CameraViewController.swift in Sources */,
				FCA31DE525E3A57A006709E5 /* PhotoViewController.swift in Sources */,
				FCA31DAA25E10EFF006709E5 /* AppDelegate.swift in Sources */,
				FCA31DAC25E10EFF006709E5 /* SceneDelegate.swift in Sources */,
			);
			runOnlyForDeploymentPostprocessing = 0;
		};
/* End PBXSourcesBuildPhase section */

/* Begin PBXVariantGroup section */
		FCA31DB425E10F02006709E5 /* LaunchScreen.storyboard */ = {
			isa = PBXVariantGroup;
			children = (
				FCA31DB525E10F02006709E5 /* Base */,
			);
			name = LaunchScreen.storyboard;
			sourceTree = "<group>";
		};
/* End PBXVariantGroup section */

/* Begin XCBuildConfiguration section */
		FCA31DB825E10F02006709E5 /* Debug */ = {
			isa = XCBuildConfiguration;
			buildSettings = {
				ALWAYS_SEARCH_USER_PATHS = NO;
				CLANG_ANALYZER_NONNULL = YES;
				CLANG_ANALYZER_NUMBER_OBJECT_CONVERSION = YES_AGGRESSIVE;
				CLANG_CXX_LANGUAGE_STANDARD = "gnu++14";
				CLANG_CXX_LIBRARY = "libc++";
				CLANG_ENABLE_MODULES = YES;
				CLANG_ENABLE_OBJC_ARC = YES;
				CLANG_ENABLE_OBJC_WEAK = YES;
				CLANG_WARN_BLOCK_CAPTURE_AUTORELEASING = YES;
				CLANG_WARN_BOOL_CONVERSION = YES;
				CLANG_WARN_COMMA = YES;
				CLANG_WARN_CONSTANT_CONVERSION = YES;
				CLANG_WARN_DEPRECATED_OBJC_IMPLEMENTATIONS = YES;
				CLANG_WARN_DIRECT_OBJC_ISA_USAGE = YES_ERROR;
				CLANG_WARN_DOCUMENTATION_COMMENTS = YES;
				CLANG_WARN_EMPTY_BODY = YES;
				CLANG_WARN_ENUM_CONVERSION = YES;
				CLANG_WARN_INFINITE_RECURSION = YES;
				CLANG_WARN_INT_CONVERSION = YES;
				CLANG_WARN_NON_LITERAL_NULL_CONVERSION = YES;
				CLANG_WARN_OBJC_IMPLICIT_RETAIN_SELF = YES;
				CLANG_WARN_OBJC_LITERAL_CONVERSION = YES;
				CLANG_WARN_OBJC_ROOT_CLASS = YES_ERROR;
				CLANG_WARN_QUOTED_INCLUDE_IN_FRAMEWORK_HEADER = YES;
				CLANG_WARN_RANGE_LOOP_ANALYSIS = YES;
				CLANG_WARN_STRICT_PROTOTYPES = YES;
				CLANG_WARN_SUSPICIOUS_MOVE = YES;
				CLANG_WARN_UNGUARDED_AVAILABILITY = YES_AGGRESSIVE;
				CLANG_WARN_UNREACHABLE_CODE = YES;
				CLANG_WARN__DUPLICATE_METHOD_MATCH = YES;
				COPY_PHASE_STRIP = NO;
				DEBUG_INFORMATION_FORMAT = dwarf;
				ENABLE_STRICT_OBJC_MSGSEND = YES;
				ENABLE_TESTABILITY = YES;
				GCC_C_LANGUAGE_STANDARD = gnu11;
				GCC_DYNAMIC_NO_PIC = NO;
				GCC_NO_COMMON_BLOCKS = YES;
				GCC_OPTIMIZATION_LEVEL = 0;
				GCC_PREPROCESSOR_DEFINITIONS = (
					"DEBUG=1",
					"$(inherited)",
				);
				GCC_WARN_64_TO_32_BIT_CONVERSION = YES;
				GCC_WARN_ABOUT_RETURN_TYPE = YES_ERROR;
				GCC_WARN_UNDECLARED_SELECTOR = YES;
				GCC_WARN_UNINITIALIZED_AUTOS = YES_AGGRESSIVE;
				GCC_WARN_UNUSED_FUNCTION = YES;
				GCC_WARN_UNUSED_VARIABLE = YES;
				IPHONEOS_DEPLOYMENT_TARGET = 14.2;
				MTL_ENABLE_DEBUG_INFO = INCLUDE_SOURCE;
				MTL_FAST_MATH = YES;
				ONLY_ACTIVE_ARCH = YES;
				SDKROOT = iphoneos;
				SWIFT_ACTIVE_COMPILATION_CONDITIONS = DEBUG;
				SWIFT_OPTIMIZATION_LEVEL = "-Onone";
			};
			name = Debug;
		};
		FCA31DB925E10F02006709E5 /* Release */ = {
			isa = XCBuildConfiguration;
			buildSettings = {
				ALWAYS_SEARCH_USER_PATHS = NO;
				CLANG_ANALYZER_NONNULL = YES;
				CLANG_ANALYZER_NUMBER_OBJECT_CONVERSION = YES_AGGRESSIVE;
				CLANG_CXX_LANGUAGE_STANDARD = "gnu++14";
				CLANG_CXX_LIBRARY = "libc++";
				CLANG_ENABLE_MODULES = YES;
				CLANG_ENABLE_OBJC_ARC = YES;
				CLANG_ENABLE_OBJC_WEAK = YES;
				CLANG_WARN_BLOCK_CAPTURE_AUTORELEASING = YES;
				CLANG_WARN_BOOL_CONVERSION = YES;
				CLANG_WARN_COMMA = YES;
				CLANG_WARN_CONSTANT_CONVERSION = YES;
				CLANG_WARN_DEPRECATED_OBJC_IMPLEMENTATIONS = YES;
				CLANG_WARN_DIRECT_OBJC_ISA_USAGE = YES_ERROR;
				CLANG_WARN_DOCUMENTATION_COMMENTS = YES;
				CLANG_WARN_EMPTY_BODY = YES;
				CLANG_WARN_ENUM_CONVERSION = YES;
				CLANG_WARN_INFINITE_RECURSION = YES;
				CLANG_WARN_INT_CONVERSION = YES;
				CLANG_WARN_NON_LITERAL_NULL_CONVERSION = YES;
				CLANG_WARN_OBJC_IMPLICIT_RETAIN_SELF = YES;
				CLANG_WARN_OBJC_LITERAL_CONVERSION = YES;
				CLANG_WARN_OBJC_ROOT_CLASS = YES_ERROR;
				CLANG_WARN_QUOTED_INCLUDE_IN_FRAMEWORK_HEADER = YES;
				CLANG_WARN_RANGE_LOOP_ANALYSIS = YES;
				CLANG_WARN_STRICT_PROTOTYPES = YES;
				CLANG_WARN_SUSPICIOUS_MOVE = YES;
				CLANG_WARN_UNGUARDED_AVAILABILITY = YES_AGGRESSIVE;
				CLANG_WARN_UNREACHABLE_CODE = YES;
				CLANG_WARN__DUPLICATE_METHOD_MATCH = YES;
				COPY_PHASE_STRIP = NO;
				DEBUG_INFORMATION_FORMAT = "dwarf-with-dsym";
				ENABLE_NS_ASSERTIONS = NO;
				ENABLE_STRICT_OBJC_MSGSEND = YES;
				GCC_C_LANGUAGE_STANDARD = gnu11;
				GCC_NO_COMMON_BLOCKS = YES;
				GCC_WARN_64_TO_32_BIT_CONVERSION = YES;
				GCC_WARN_ABOUT_RETURN_TYPE = YES_ERROR;
				GCC_WARN_UNDECLARED_SELECTOR = YES;
				GCC_WARN_UNINITIALIZED_AUTOS = YES_AGGRESSIVE;
				GCC_WARN_UNUSED_FUNCTION = YES;
				GCC_WARN_UNUSED_VARIABLE = YES;
				IPHONEOS_DEPLOYMENT_TARGET = 14.2;
				MTL_ENABLE_DEBUG_INFO = NO;
				MTL_FAST_MATH = YES;
				SDKROOT = iphoneos;
				SWIFT_COMPILATION_MODE = wholemodule;
				SWIFT_OPTIMIZATION_LEVEL = "-O";
				VALIDATE_PRODUCT = YES;
			};
			name = Release;
		};
		FCA31DBB25E10F02006709E5 /* Debug */ = {
			isa = XCBuildConfiguration;
			baseConfigurationReference = 3DA97137B7DAFBF3CDC49EB8 /* Pods-FullScreenCamera.debug.xcconfig */;
			buildSettings = {
				ASSETCATALOG_COMPILER_APPICON_NAME = AppIcon;
				ASSETCATALOG_COMPILER_GLOBAL_ACCENT_COLOR_NAME = AccentColor;
				CODE_SIGN_STYLE = Automatic;
				DEVELOPMENT_TEAM = V4HTHZYDXC;
				INFOPLIST_FILE = FullScreenCamera/Info.plist;
				LD_RUNPATH_SEARCH_PATHS = (
					"$(inherited)",
					"@executable_path/Frameworks",
				);
				PRODUCT_BUNDLE_IDENTIFIER = com.bing.FullScreenCamera;
				PRODUCT_NAME = "$(TARGET_NAME)";
				SWIFT_VERSION = 5.0;
				TARGETED_DEVICE_FAMILY = "1,2";
			};
			name = Debug;
		};
		FCA31DBC25E10F02006709E5 /* Release */ = {
			isa = XCBuildConfiguration;
			baseConfigurationReference = B4FA42385E111255B06D65DE /* Pods-FullScreenCamera.release.xcconfig */;
			buildSettings = {
				ASSETCATALOG_COMPILER_APPICON_NAME = AppIcon;
				ASSETCATALOG_COMPILER_GLOBAL_ACCENT_COLOR_NAME = AccentColor;
				CODE_SIGN_STYLE = Automatic;
				DEVELOPMENT_TEAM = V4HTHZYDXC;
				INFOPLIST_FILE = FullScreenCamera/Info.plist;
				LD_RUNPATH_SEARCH_PATHS = (
					"$(inherited)",
					"@executable_path/Frameworks",
				);
				PRODUCT_BUNDLE_IDENTIFIER = com.bing.FullScreenCamera;
				PRODUCT_NAME = "$(TARGET_NAME)";
				SWIFT_VERSION = 5.0;
				TARGETED_DEVICE_FAMILY = "1,2";
			};
			name = Release;
		};
/* End XCBuildConfiguration section */

/* Begin XCConfigurationList section */
		FCA31DA125E10EFF006709E5 /* Build configuration list for PBXProject "FullScreenCamera" */ = {
			isa = XCConfigurationList;
			buildConfigurations = (
				FCA31DB825E10F02006709E5 /* Debug */,
				FCA31DB925E10F02006709E5 /* Release */,
			);
			defaultConfigurationIsVisible = 0;
			defaultConfigurationName = Release;
		};
		FCA31DBA25E10F02006709E5 /* Build configuration list for PBXNativeTarget "FullScreenCamera" */ = {
			isa = XCConfigurationList;
			buildConfigurations = (
				FCA31DBB25E10F02006709E5 /* Debug */,
				FCA31DBC25E10F02006709E5 /* Release */,
			);
			defaultConfigurationIsVisible = 0;
			defaultConfigurationName = Release;
		};
/* End XCConfigurationList section */
	};
	rootObject = FCA31D9E25E10EFF006709E5 /* Project object */;
}
